
Microsoft Visual Studio Solution File, Format Version 12.00
# Visual Studio Version 16
VisualStudioVersion = 16.0.810.13
MinimumVisualStudioVersion = 10.0.40219.1
Project("{FAE04EC0-301F-11D3-BF4B-00C04F79EFBC}") = "Core", "Core\Core.csproj", "{E006FCB2-C21C-469E-A6F5-8DE91A92369E}"
EndProject
Project("{FAE04EC0-301F-11D3-BF4B-00C04F79EFBC}") = "Infraestructure", "Infraestructure\Infraestructure.csproj", "{F290F717-FC85-41B7-83C0-D1FD163C38F1}"
EndProject
Project("{FAE04EC0-301F-11D3-BF4B-00C04F79EFBC}") = "Api", "Api\Api.csproj", "{87F22D19-22AF-488D-81FC-C0CC436947C3}"
EndProject
Project("{FAE04EC0-301F-11D3-BF4B-00C04F79EFBC}") = "Tests", "UnitTests\Tests.csproj", "{1C316FE6-CC00-4C77-A460-8777240EBCE8}"
EndProject
Global
	GlobalSection(SolutionConfigurationPlatforms) = preSolution
		Debug|Any CPU = Debug|Any CPU
		Release|Any CPU = Release|Any CPU
	EndGlobalSection
	GlobalSection(ProjectConfigurationPlatforms) = postSolution
		{E006FCB2-C21C-469E-A6F5-8DE91A92369E}.Debug|Any CPU.ActiveCfg = Debug|Any CPU
		{E006FCB2-C21C-469E-A6F5-8DE91A92369E}.Debug|Any CPU.Build.0 = Debug|Any CPU
		{E006FCB2-C21C-469E-A6F5-8DE91A92369E}.Release|Any CPU.ActiveCfg = Release|Any CPU
		{E006FCB2-C21C-469E-A6F5-8DE91A92369E}.Release|Any CPU.Build.0 = Release|Any CPU
		{F290F717-FC85-41B7-83C0-D1FD163C38F1}.Debug|Any CPU.ActiveCfg = Debug|Any CPU
		{F290F717-FC85-41B7-83C0-D1FD163C38F1}.Debug|Any CPU.Build.0 = Debug|Any CPU
		{F290F717-FC85-41B7-83C0-D1FD163C38F1}.Release|Any CPU.ActiveCfg = Release|Any CPU
		{F290F717-FC85-41B7-83C0-D1FD163C38F1}.Release|Any CPU.Build.0 = Release|Any CPU
		{87F22D19-22AF-488D-81FC-C0CC436947C3}.Debug|Any CPU.ActiveCfg = Debug|Any CPU
		{87F22D19-22AF-488D-81FC-C0CC436947C3}.Debug|Any CPU.Build.0 = Debug|Any CPU
		{87F22D19-22AF-488D-81FC-C0CC436947C3}.Release|Any CPU.ActiveCfg = Release|Any CPU
		{87F22D19-22AF-488D-81FC-C0CC436947C3}.Release|Any CPU.Build.0 = Release|Any CPU
		{1C316FE6-CC00-4C77-A460-8777240EBCE8}.Debug|Any CPU.ActiveCfg = Debug|Any CPU
		{1C316FE6-CC00-4C77-A460-8777240EBCE8}.Debug|Any CPU.Build.0 = Debug|Any CPU
		{1C316FE6-CC00-4C77-A460-8777240EBCE8}.Release|Any CPU.ActiveCfg = Release|Any CPU
		{1C316FE6-CC00-4C77-A460-8777240EBCE8}.Release|Any CPU.Build.0 = Release|Any CPU
	EndGlobalSection
	GlobalSection(SolutionProperties) = preSolution
		HideSolutionNode = FALSE
	EndGlobalSection
	GlobalSection(ExtensibilityGlobals) = postSolution
		SolutionGuid = {68D1F6B3-5F11-4176-A5A4-38AE9FDBA423}
	EndGlobalSection
EndGlobal
